
Microsoft Visual Studio Solution File, Format Version 12.00
# Visual Studio Version 17
VisualStudioVersion = 17.1.31903.286
MinimumVisualStudioVersion = 10.0.40219.1
Project("{FAE04EC0-301F-11D3-BF4B-00C04F79EFBC}") = "ApiSoap", "ApiSoap\ApiSoap.csproj", "{5C1C25BA-7E1C-4C5A-B538-1184440C7609}"
EndProject
Global
	GlobalSection(SolutionConfigurationPlatforms) = preSolution
		Debug|Any CPU = Debug|Any CPU
		Release|Any CPU = Release|Any CPU
	EndGlobalSection
	GlobalSection(ProjectConfigurationPlatforms) = postSolution
		{5C1C25BA-7E1C-4C5A-B538-1184440C7609}.Debug|Any CPU.ActiveCfg = Debug|Any CPU
		{5C1C25BA-7E1C-4C5A-B538-1184440C7609}.Debug|Any CPU.Build.0 = Debug|Any CPU
		{5C1C25BA-7E1C-4C5A-B538-1184440C7609}.Release|Any CPU.ActiveCfg = Release|Any CPU
		{5C1C25BA-7E1C-4C5A-B538-1184440C7609}.Release|Any CPU.Build.0 = Release|Any CPU
	EndGlobalSection
	GlobalSection(SolutionProperties) = preSolution
		HideSolutionNode = FALSE
	EndGlobalSection
	GlobalSection(ExtensibilityGlobals) = postSolution
		SolutionGuid = {D5CC7FCF-B7D9-42DF-B421-39BAF7CA23A2}
	EndGlobalSection
EndGlobal
